
Microsoft Visual Studio Solution File, Format Version 12.00
# Visual Studio 15
VisualStudioVersion = 15.0.28307.572
MinimumVisualStudioVersion = 10.0.40219.1
Project("{FAE04EC0-301F-11D3-BF4B-00C04F79EFBC}") = "DailyArenaDeckAdvisor", "DailyArenaDeckAdvisor\DailyArenaDeckAdvisor.csproj", "{7A3A0A04-3697-479E-8EC9-6D2B944FABD1}"
EndProject
Project("{2150E333-8FDC-42A3-9474-1A3956D46DE8}") = "Solution Items", "Solution Items", "{661EA5CB-B016-4206-A05A-6454B21F77EC}"
	ProjectSection(SolutionItems) = preProject
		AssemblyVersion.cs = AssemblyVersion.cs
	EndProjectSection
EndProject
Project("{FAE04EC0-301F-11D3-BF4B-00C04F79EFBC}") = "DailyArenaDeckAdvisorLauncher", "DailyArenaDeckAdvisorLauncher\DailyArenaDeckAdvisorLauncher.csproj", "{1AA67122-ABBB-49DE-B260-3C658728AD4E}"
EndProject
Project("{FAE04EC0-301F-11D3-BF4B-00C04F79EFBC}") = "DailyArenaDeckAdvisorUpdater", "DailyArenaDeckAdvisorUpdater\DailyArenaDeckAdvisorUpdater.csproj", "{986235B3-F7D9-4607-8CF8-7D8649FA1F23}"
EndProject
Project("{930C7802-8A8C-48F9-8165-68863BCCD9DD}") = "DailyArenaDeckAdvisorSetup", "DailyArenaDeckAdvisorSetup\DailyArenaDeckAdvisorSetup.wixproj", "{54173857-C11E-49C8-8CDC-46FD269E506A}"
EndProject
Global
	GlobalSection(SolutionConfigurationPlatforms) = preSolution
		Debug|Any CPU = Debug|Any CPU
		Debug|x64 = Debug|x64
		Debug|x86 = Debug|x86
		Release|Any CPU = Release|Any CPU
		Release|x64 = Release|x64
		Release|x86 = Release|x86
	EndGlobalSection
	GlobalSection(ProjectConfigurationPlatforms) = postSolution
		{7A3A0A04-3697-479E-8EC9-6D2B944FABD1}.Debug|Any CPU.ActiveCfg = Debug|x86
		{7A3A0A04-3697-479E-8EC9-6D2B944FABD1}.Debug|x64.ActiveCfg = Debug|x64
		{7A3A0A04-3697-479E-8EC9-6D2B944FABD1}.Debug|x64.Build.0 = Debug|x64
		{7A3A0A04-3697-479E-8EC9-6D2B944FABD1}.Debug|x86.ActiveCfg = Debug|x86
		{7A3A0A04-3697-479E-8EC9-6D2B944FABD1}.Debug|x86.Build.0 = Debug|x86
		{7A3A0A04-3697-479E-8EC9-6D2B944FABD1}.Release|Any CPU.ActiveCfg = Release|x86
		{7A3A0A04-3697-479E-8EC9-6D2B944FABD1}.Release|x64.ActiveCfg = Release|x64
		{7A3A0A04-3697-479E-8EC9-6D2B944FABD1}.Release|x64.Build.0 = Release|x64
		{7A3A0A04-3697-479E-8EC9-6D2B944FABD1}.Release|x86.ActiveCfg = Release|x86
		{7A3A0A04-3697-479E-8EC9-6D2B944FABD1}.Release|x86.Build.0 = Release|x86
		{1AA67122-ABBB-49DE-B260-3C658728AD4E}.Debug|Any CPU.ActiveCfg = Debug|x86
		{1AA67122-ABBB-49DE-B260-3C658728AD4E}.Debug|x64.ActiveCfg = Debug|x64
		{1AA67122-ABBB-49DE-B260-3C658728AD4E}.Debug|x64.Build.0 = Debug|x64
		{1AA67122-ABBB-49DE-B260-3C658728AD4E}.Debug|x86.ActiveCfg = Debug|x86
		{1AA67122-ABBB-49DE-B260-3C658728AD4E}.Debug|x86.Build.0 = Debug|x86
		{1AA67122-ABBB-49DE-B260-3C658728AD4E}.Release|Any CPU.ActiveCfg = Release|x86
		{1AA67122-ABBB-49DE-B260-3C658728AD4E}.Release|x64.ActiveCfg = Release|x64
		{1AA67122-ABBB-49DE-B260-3C658728AD4E}.Release|x64.Build.0 = Release|x64
		{1AA67122-ABBB-49DE-B260-3C658728AD4E}.Release|x86.ActiveCfg = Release|x86
		{1AA67122-ABBB-49DE-B260-3C658728AD4E}.Release|x86.Build.0 = Release|x86
		{986235B3-F7D9-4607-8CF8-7D8649FA1F23}.Debug|Any CPU.ActiveCfg = Debug|x86
		{986235B3-F7D9-4607-8CF8-7D8649FA1F23}.Debug|x64.ActiveCfg = Debug|x64
		{986235B3-F7D9-4607-8CF8-7D8649FA1F23}.Debug|x64.Build.0 = Debug|x64
		{986235B3-F7D9-4607-8CF8-7D8649FA1F23}.Debug|x86.ActiveCfg = Debug|x86
		{986235B3-F7D9-4607-8CF8-7D8649FA1F23}.Debug|x86.Build.0 = Debug|x86
		{986235B3-F7D9-4607-8CF8-7D8649FA1F23}.Release|Any CPU.ActiveCfg = Release|x86
		{986235B3-F7D9-4607-8CF8-7D8649FA1F23}.Release|x64.ActiveCfg = Release|x64
		{986235B3-F7D9-4607-8CF8-7D8649FA1F23}.Release|x64.Build.0 = Release|x64
		{986235B3-F7D9-4607-8CF8-7D8649FA1F23}.Release|x86.ActiveCfg = Release|x86
		{986235B3-F7D9-4607-8CF8-7D8649FA1F23}.Release|x86.Build.0 = Release|x86
		{54173857-C11E-49C8-8CDC-46FD269E506A}.Debug|Any CPU.ActiveCfg = Debug|x86
		{54173857-C11E-49C8-8CDC-46FD269E506A}.Debug|x64.ActiveCfg = Debug|x64
		{54173857-C11E-49C8-8CDC-46FD269E506A}.Debug|x64.Build.0 = Debug|x64
		{54173857-C11E-49C8-8CDC-46FD269E506A}.Debug|x86.ActiveCfg = Debug|x86
		{54173857-C11E-49C8-8CDC-46FD269E506A}.Debug|x86.Build.0 = Debug|x86
		{54173857-C11E-49C8-8CDC-46FD269E506A}.Release|Any CPU.ActiveCfg = Release|x86
		{54173857-C11E-49C8-8CDC-46FD269E506A}.Release|x64.ActiveCfg = Release|x64
		{54173857-C11E-49C8-8CDC-46FD269E506A}.Release|x64.Build.0 = Release|x64
		{54173857-C11E-49C8-8CDC-46FD269E506A}.Release|x86.ActiveCfg = Release|x86
		{54173857-C11E-49C8-8CDC-46FD269E506A}.Release|x86.Build.0 = Release|x86
	EndGlobalSection
	GlobalSection(SolutionProperties) = preSolution
		HideSolutionNode = FALSE
	EndGlobalSection
	GlobalSection(ExtensibilityGlobals) = postSolution
		SolutionGuid = {DAA6E113-4A06-42E0-8DA7-0615C89EF4E1}
	EndGlobalSection
EndGlobal
